
Microsoft Visual Studio Solution File, Format Version 12.00
# Visual Studio Version 17
VisualStudioVersion = 17.7.34009.444
MinimumVisualStudioVersion = 10.0.40219.1
Project("{9A19103F-16F7-4668-BE54-9A1E7A4F7556}") = "DigitalPlatform.API", "DigitalPlatform.API\DigitalPlatform.API.csproj", "{273E1DD4-5CB9-457B-BB27-644C2B8B8CAA}"
EndProject
Project("{FAE04EC0-301F-11D3-BF4B-00C04F79EFBC}") = "DigitalPlatform.API.Tests", "DigitalPlatform.API.Tests\DigitalPlatform.API.Tests.csproj", "{5FAB579D-2E74-4347-94E4-1508A45130D3}"
EndProject
Global
	GlobalSection(SolutionConfigurationPlatforms) = preSolution
		Debug|Any CPU = Debug|Any CPU
		Release|Any CPU = Release|Any CPU
	EndGlobalSection
	GlobalSection(ProjectConfigurationPlatforms) = postSolution
		{273E1DD4-5CB9-457B-BB27-644C2B8B8CAA}.Debug|Any CPU.ActiveCfg = Debug|Any CPU
		{273E1DD4-5CB9-457B-BB27-644C2B8B8CAA}.Debug|Any CPU.Build.0 = Debug|Any CPU
		{273E1DD4-5CB9-457B-BB27-644C2B8B8CAA}.Release|Any CPU.ActiveCfg = Release|Any CPU
		{273E1DD4-5CB9-457B-BB27-644C2B8B8CAA}.Release|Any CPU.Build.0 = Release|Any CPU
		{5FAB579D-2E74-4347-94E4-1508A45130D3}.Debug|Any CPU.ActiveCfg = Debug|Any CPU
		{5FAB579D-2E74-4347-94E4-1508A45130D3}.Debug|Any CPU.Build.0 = Debug|Any CPU
		{5FAB579D-2E74-4347-94E4-1508A45130D3}.Release|Any CPU.ActiveCfg = Release|Any CPU
		{5FAB579D-2E74-4347-94E4-1508A45130D3}.Release|Any CPU.Build.0 = Release|Any CPU
	EndGlobalSection
	GlobalSection(SolutionProperties) = preSolution
		HideSolutionNode = FALSE
	EndGlobalSection
	GlobalSection(ExtensibilityGlobals) = postSolution
		SolutionGuid = {4F960689-3599-42E4-8F38-04FA33CC5064}
	EndGlobalSection
EndGlobal
